# This file is @generated by PDM.
# It is not intended for manual editing.

[metadata]
groups = ["default"]
strategy = ["cross_platform"]
lock_version = "4.5.0"
content_hash = "sha256:b0b760a8ee97231a63ac3f06936c2ea0eca33286516578abbef38b59b204cf11"

[[metadata.targets]]
requires_python = ">=3.11"

[[package]]
name = "pygame-ce"
version = "2.5.5"
requires_python = ">=3.9"
summary = "Python Game Development"
files = [
    {file = "pygame_ce-2.5.5-cp311-cp311-macosx_10_11_x86_64.whl", hash = "sha256:7697ca838c560e16a305de47a4ea3ad3152ebc7927b309f4251d5718b38db388"},
    {file = "pygame_ce-2.5.5-cp311-cp311-macosx_11_0_arm64.whl", hash = "sha256:683d91ce985192106014b1cc887f2f6d257f4e2329d49b6942d2cd46f030cc8a"},
    {file = "pygame_ce-2.5.5-cp311-cp311-manylinux_2_17_aarch64.manylinux2014_aarch64.whl", hash = "sha256:524fbda5e132abfbeda9c296d523bc3adbe9ad33498d04762ff9c7912818c3f2"},
    {file = "pygame_ce-2.5.5-cp311-cp311-manylinux_2_17_i686.manylinux2014_i686.whl", hash = "sha256:81ea332ee9c51ccc66cbe73124a13264c303ab842aca093c2f5f2282f55c168c"},
    {file = "pygame_ce-2.5.5-cp311-cp311-manylinux_2_17_x86_64.manylinux2014_x86_64.whl", hash = "sha256:6d32e970b5f06a8710b098f178693456cc433170a7f94ef451e31d682d1a2f86"},
    {file = "pygame_ce-2.5.5-cp311-cp311-win32.whl", hash = "sha256:8642add37c09cef881812bfb6e7f7771e7d666f870e5640e473841bf34fd771b"},
    {file = "pygame_ce-2.5.5-cp311-cp311-win_amd64.whl", hash = "sha256:13d1951bff009b2b1d593785fd43a9be6d3d6de0b1b0c0d85ad7d6e967d31c99"},
    {file = "pygame_ce-2.5.5-cp312-cp312-macosx_10_13_x86_64.whl", hash = "sha256:cb6801f224a806f883e5de558d3424a53e714abec7d6a47d32fc6b9cfa92e598"},
    {file = "pygame_ce-2.5.5-cp312-cp312-macosx_11_0_arm64.whl", hash = "sha256:adddaf63af2f5b5d0a3840aa73021b71766fa16c1ed3fc18756b54e90b66592f"},
    {file = "pygame_ce-2.5.5-cp312-cp312-manylinux_2_17_aarch64.manylinux2014_aarch64.whl", hash = "sha256:1602ed3dd274e36d5c6008ff2c500223bea38aab0d4fa4a8eae0a0e5897bcb88"},
    {file = "pygame_ce-2.5.5-cp312-cp312-manylinux_2_17_i686.manylinux2014_i686.whl", hash = "sha256:eb42884c847d54a40c98cf631ca8014406eaf8bbfeddde298269193c533a61eb"},
    {file = "pygame_ce-2.5.5-cp312-cp312-manylinux_2_17_x86_64.manylinux2014_x86_64.whl", hash = "sha256:13dec639f227dd1092b161e696769f8b6dfbeb92e4e4fabc729dc689a4c63997"},
    {file = "pygame_ce-2.5.5-cp312-cp312-win32.whl", hash = "sha256:356ba09a684a92b04330d3d6bb3136066a170aea15f300b078edda347b719fb2"},
    {file = "pygame_ce-2.5.5-cp312-cp312-win_amd64.whl", hash = "sha256:7863dbaf5c33bbba878b6e5aa1b11592048a96b383b11dac15a0837a14c30b62"},
    {file = "pygame_ce-2.5.5-cp313-cp313-macosx_10_13_x86_64.whl", hash = "sha256:32008bef532318c7f8d97fb087a16b44c0d5140969963b6afbf0f9521d18f3dc"},
    {file = "pygame_ce-2.5.5-cp313-cp313-macosx_11_0_arm64.whl", hash = "sha256:00004956921641d9dc7e628be77ea7f23333b839e48ec981704b6516537bd67f"},
    {file = "pygame_ce-2.5.5-cp313-cp313-manylinux_2_17_aarch64.manylinux2014_aarch64.whl", hash = "sha256:255efe334dc69a78c3b7986b9c893ef86cead5aaf8c61cb6990949b4fca84142"},
    {file = "pygame_ce-2.5.5-cp313-cp313-manylinux_2_17_i686.manylinux2014_i686.whl", hash = "sha256:c4b90f01d3ae8ae0f84361480531323bbd06e10be75f4e67478b999b43f8a1f9"},
    {file = "pygame_ce-2.5.5-cp313-cp313-manylinux_2_17_x86_64.manylinux2014_x86_64.whl", hash = "sha256:e37bfd4545fb057ce24d06e13d1262989ca0ece3b12010c585130607e3c2bbf8"},
    {file = "pygame_ce-2.5.5-cp313-cp313-win32.whl", hash = "sha256:476a1b56b19f5023ddd0512716f11c413c3587b93dfd4aebd40869f261d3b8b7"},
    {file = "pygame_ce-2.5.5-cp313-cp313-win_amd64.whl", hash = "sha256:8568fab6d43e23ca209fb860f7d387f2f89bd4047a4fa617ed0951fd9739109c"},
    {file = "pygame_ce-2.5.5.tar.gz", hash = "sha256:a7f297c223c6e35f16d65d47a19757005763ea7e90795ccc37c0bc562364ae6b"},
]
